# This file is @generated by PDM.
# It is not intended for manual editing.

[metadata]
groups = ["default"]
strategy = ["inherit_metadata"]
lock_version = "4.5.0"
content_hash = "sha256:2b37d07bd1675da8dd5578eaaa106ba95f547500b1a1c934ef20bbe80ba416c3"

[[metadata.targets]]
requires_python = "==3.12.*"

[[package]]
name = "aiohappyeyeballs"
version = "2.6.1"
requires_python = ">=3.9"
summary = "Happy Eyeballs for asyncio"
groups = ["default"]
files = [
    {file = "aiohappyeyeballs-2.6.1-py3-none-any.whl", hash = "sha256:f349ba8f4b75cb25c99c5c2d84e997e485204d2902a9597802b0371f09331fb8"},
    {file = "aiohappyeyeballs-2.6.1.tar.gz", hash = "sha256:c3f9d0113123803ccadfdf3f0faa505bc78e6a72d1cc4806cbd719826e943558"},
]

[[package]]
name = "aiohttp"
version = "3.13.5"
requires_python = ">=3.9"
summary = "Async http client/server framework (asyncio)"
groups = ["default"]
dependencies = [
    "aiohappyeyeballs>=2.5.0",
    "aiosignal>=1.4.0",
    "async-timeout<6.0,>=4.0; python_version < \"3.11\"",
    "attrs>=17.3.0",
    "frozenlist>=1.1.1",
    "multidict<7.0,>=4.5",
    "propcache>=0.2.0",
    "yarl<2.0,>=1.17.0",
]
files = [
    {file = "aiohttp-3.13.5-cp312-cp312-macosx_10_13_universal2.whl", hash = "sha256:023ecba036ddd840b0b19bf195bfae970083fd7024ce1ac22e9bba90464620e9"},
    {file = "aiohttp-3.13.5-cp312-cp312-macosx_10_13_x86_64.whl", hash = "sha256:15c933ad7920b7d9a20de151efcd05a6e38302cbf0e10c9b2acb9a42210a2416"},
    {file = "aiohttp-3.13.5-cp312-cp312-macosx_11_0_arm64.whl", hash = "sha256:ab2899f9fa2f9f741896ebb6fa07c4c883bfa5c7f2ddd8cf2aafa86fa981b2d2"},
    {file = "aiohttp-3.13.5-cp312-cp312-manylinux2014_aarch64.manylinux_2_17_aarch64.manylinux_2_28_aarch64.whl", hash = "sha256:a60eaa2d440cd4707696b52e40ed3e2b0f73f65be07fd0ef23b6b539c9c0b0b4"},
    {file = "aiohttp-3.13.5-cp312-cp312-manylinux2014_armv7l.manylinux_2_17_armv7l.manylinux_2_31_armv7l.whl", hash = "sha256:55b3bdd3292283295774ab585160c4004f4f2f203946997f49aac032c84649e9"},
    {file = "aiohttp-3.13.5-cp312-cp312-manylinux2014_ppc64le.manylinux_2_17_ppc64le.manylinux_2_28_ppc64le.whl", hash = "sha256:c2b2355dc094e5f7d45a7bb262fe7207aa0460b37a0d87027dcf21b5d890e7d5"},
    {file = "aiohttp-3.13.5-cp312-cp312-manylinux2014_s390x.manylinux_2_17_s390x.manylinux_2_28_s390x.whl", hash = "sha256:b38765950832f7d728297689ad78f5f2cf79ff82487131c4d26fe6ceecdc5f8e"},
    {file = "aiohttp-3.13.5-cp312-cp312-manylinux2014_x86_64.manylinux_2_17_x86_64.manylinux_2_28_x86_64.whl", hash = "sha256:b18f31b80d5a33661e08c89e202edabf1986e9b49c42b4504371daeaa11b47c1"},
    {file = "aiohttp-3.13.5-cp312-cp312-manylinux_2_31_riscv64.manylinux_2_39_riscv64.whl", hash = "sha256:33add2463dde55c4f2d9635c6ab33ce154e5ecf322bd26d09af95c5f81cfa286"},
    {file = "aiohttp-3.13.5-cp312-cp312-musllinux_1_2_aarch64.whl", hash = "sha256:327cc432fdf1356fb4fbc6fe833ad4e9f6aacb71a8acaa5f1855e4b25910e4a9"},
    {file = "aiohttp-3.13.5-cp312-cp312-musllinux_1_2_armv7l.whl", hash = "sha256:7c35b0bf0b48a70b4cb4fc5d7bed9b932532728e124874355de1a0af8ec4bc88"},
    {file = "aiohttp-3.13.5-cp312-cp312-musllinux_1_2_ppc64le.whl", hash = "sha256:df23d57718f24badef8656c49743e11a89fd6f5358fa8a7b96e728fda2abf7d3"},
    {file = "aiohttp-3.13.5-cp312-cp312-musllinux_1_2_riscv64.whl", hash = "sha256:02e048037a6501a5ec1f6fc9736135aec6eb8a004ce48838cb951c515f32c80b"},
    {file = "aiohttp-3.13.5-cp312-cp312-musllinux_1_2_s390x.whl", hash = "sha256:31cebae8b26f8a615d2b546fee45d5ffb76852ae6450e2a03f42c9102260d6fe"},
    {file = "aiohttp-3.13.5-cp312-cp312-musllinux_1_2_x86_64.whl", hash = "sha256:888e78eb5ca55a615d285c3c09a7a91b42e9dd6fc699b166ebd5dee87c9ccf14"},
    {file = "aiohttp-3.13.5-cp312-cp312-win32.whl", hash = "sha256:8bd3ec6376e68a41f9f95f5ed170e2fcf22d4eb27a1f8cb361d0508f6e0557f3"},
    {file = "aiohttp-3.13.5-cp312-cp312-win_amd64.whl", hash = "sha256:110e448e02c729bcebb18c60b9214a87ba33bac4a9fa5e9a5f139938b56c6cb1"},
    {file = "aiohttp-3.13.5.tar.gz", hash = "sha256:9d98cc980ecc96be6eb4c1994ce35d28d8b1f5e5208a23b421187d1209dbb7d1"},
]

[[package]]
name = "aiosignal"
version = "1.4.0"
requires_python = ">=3.9"
summary = "aiosignal: a list of registered asynchronous callbacks"
groups = ["default"]
dependencies = [
    "frozenlist>=1.1.0",
    "typing-extensions>=4.2; python_version < \"3.13\"",
]
files = [
    {file = "aiosignal-1.4.0-py3-none-any.whl", hash = "sha256:053243f8b92b990551949e63930a839ff0cf0b0ebbe0597b0f3fb19e1a0fe82e"},
    {file = "aiosignal-1.4.0.tar.gz", hash = "sha256:f47eecd9468083c2029cc99945502cb7708b082c232f9aca65da147157b251c7"},
]

[[package]]
name = "attrs"
version = "26.1.0"
requires_python = ">=3.9"
summary = "Classes Without Boilerplate"
groups = ["default"]
files = [
    {file = "attrs-26.1.0-py3-none-any.whl", hash = "sha256:c647aa4a12dfbad9333ca4e71fe62ddc36f4e63b2d260a37a8b83d2f043ac309"},
    {file = "attrs-26.1.0.tar.gz", hash = "sha256:d03ceb89cb322a8fd706d4fb91940737b6642aa36998fe130a9bc96c985eff32"},
]

[[package]]
name = "beautifulsoup4"
version = "4.14.3"
requires_python = ">=3.7.0"
summary = "Screen-scraping library"
groups = ["default"]
dependencies = [
    "soupsieve>=1.6.1",
    "typing-extensions>=4.0.0",
]
files = [
    {file = "beautifulsoup4-4.14.3-py3-none-any.whl", hash = "sha256:0918bfe44902e6ad8d57732ba310582e98da931428d231a5ecb9e7c703a735bb"},
    {file = "beautifulsoup4-4.14.3.tar.gz", hash = "sha256:6292b1c5186d356bba669ef9f7f051757099565ad9ada5dd630bd9de5fa7fb86"},
]

[[package]]
name = "browser-cookie3"
version = "0.20.1"
summary = "Loads cookies from your browser into a cookiejar object so can download with urllib and other libraries the same content you see in the web browser."
groups = ["default"]
dependencies = [
    "dbus-python; \"bsd\" in sys_platform and python_version < \"3.7\" or sys_platform == \"linux\" and python_version < \"3.7\"",
    "jeepney; \"bsd\" in sys_platform and python_version >= \"3.7\" or sys_platform == \"linux\" and python_version >= \"3.7\"",
    "lz4",
    "pycryptodomex",
    "shadowcopy; python_version >= \"3.7\" and platform_system == \"Windows\"",
]
files = [
    {file = "browser_cookie3-0.20.1-py3-none-any.whl", hash = "sha256:4b38bf669d386250733c8339f0036e1cf09c3d8e4d326fd507b9afb84def13d6"},
    {file = "browser_cookie3-0.20.1.tar.gz", hash = "sha256:6d8d0744bf42a5327c951bdbcf77741db3455b8b4e840e18bab266d598368a12"},
]

[[package]]
name = "certifi"
version = "2026.4.22"
requires_python = ">=3.7"
summary = "Python package for providing Mozilla's CA Bundle."
groups = ["default"]
files = [
    {file = "certifi-2026.4.22-py3-none-any.whl", hash = "sha256:3cb2210c8f88ba2318d29b0388d1023c8492ff72ecdde4ebdaddbb13a31b1c4a"},
    {file = "certifi-2026.4.22.tar.gz", hash = "sha256:8d455352a37b71bf76a79caa83a3d6c25afee4a385d632127b6afb3963f1c580"},
]

[[package]]
name = "cffi"
version = "2.0.0"
requires_python = ">=3.9"
summary = "Foreign Function Interface for Python calling C code."
groups = ["default"]
dependencies = [
    "pycparser; implementation_name != \"PyPy\"",
]
files = [
    {file = "cffi-2.0.0-cp312-cp312-macosx_10_13_x86_64.whl", hash = "sha256:6d02d6655b0e54f54c4ef0b94eb6be0607b70853c45ce98bd278dc7de718be5d"},
    {file = "cffi-2.0.0-cp312-cp312-macosx_11_0_arm64.whl", hash = "sha256:8eca2a813c1cb7ad4fb74d368c2ffbbb4789d377ee5bb8df98373c2cc0dee76c"},
    {file = "cffi-2.0.0-cp312-cp312-manylinux1_i686.manylinux2014_i686.manylinux_2_17_i686.manylinux_2_5_i686.whl", hash = "sha256:21d1152871b019407d8ac3985f6775c079416c282e431a4da6afe7aefd2bccbe"},
    {file = "cffi-2.0.0-cp312-cp312-manylinux2014_aarch64.manylinux_2_17_aarch64.whl", hash = "sha256:b21e08af67b8a103c71a250401c78d5e0893beff75e28c53c98f4de42f774062"},
    {file = "cffi-2.0.0-cp312-cp312-manylinux2014_ppc64le.manylinux_2_17_ppc64le.whl", hash = "sha256:1e3a615586f05fc4065a8b22b8152f0c1b00cdbc60596d187c2a74f9e3036e4e"},
    {file = "cffi-2.0.0-cp312-cp312-manylinux2014_s390x.manylinux_2_17_s390x.whl", hash = "sha256:81afed14892743bbe14dacb9e36d9e0e504cd204e0b165062c488942b9718037"},
    {file = "cffi-2.0.0-cp312-cp312-manylinux2014_x86_64.manylinux_2_17_x86_64.whl", hash = "sha256:3e17ed538242334bf70832644a32a7aae3d83b57567f9fd60a26257e992b79ba"},
    {file = "cffi-2.0.0-cp312-cp312-musllinux_1_2_aarch64.whl", hash = "sha256:3925dd22fa2b7699ed2617149842d2e6adde22b262fcbfada50e3d195e4b3a94"},
    {file = "cffi-2.0.0-cp312-cp312-musllinux_1_2_x86_64.whl", hash = "sha256:2c8f814d84194c9ea681642fd164267891702542f028a15fc97d4674b6206187"},
    {file = "cffi-2.0.0-cp312-cp312-win32.whl", hash = "sha256:da902562c3e9c550df360bfa53c035b2f241fed6d9aef119048073680ace4a18"},
    {file = "cffi-2.0.0-cp312-cp312-win_amd64.whl", hash = "sha256:da68248800ad6320861f129cd9c1bf96ca849a2771a59e0344e88681905916f5"},
    {file = "cffi-2.0.0-cp312-cp312-win_arm64.whl", hash = "sha256:4671d9dd5ec934cb9a73e7ee9676f9362aba54f7f34910956b84d727b0d73fb6"},
    {file = "cffi-2.0.0.tar.gz", hash = "sha256:44d1b5909021139fe36001ae048dbdde8214afa20200eda0f64c068cac5d5529"},
]

[[package]]
name = "click"
version = "8.3.3"
requires_python = ">=3.10"
summary = "Composable command line interface toolkit"
groups = ["default"]
dependencies = [
    "colorama; platform_system == \"Windows\"",
]
files = [
    {file = "click-8.3.3-py3-none-any.whl", hash = "sha256:a2bf429bb3033c89fa4936ffb35d5cb471e3719e1f3c8a7c3fff0b8314305613"},
    {file = "click-8.3.3.tar.gz", hash = "sha256:398329ad4837b2ff7cbe1dd166a4c0f8900c3ca3a218de04466f38f6497f18a2"},
]

[[package]]
name = "colorama"
version = "0.4.6"
requires_python = "!=3.0.*,!=3.1.*,!=3.2.*,!=3.3.*,!=3.4.*,!=3.5.*,!=3.6.*,>=2.7"
summary = "Cross-platform colored terminal text."
groups = ["default"]
marker = "platform_system == \"Windows\""
files = [
    {file = "colorama-0.4.6-py2.py3-none-any.whl", hash = "sha256:4f1d9991f5acc0ca119f9d443620b77f9d6b33703e51011c16baf57afb285fc6"},
    {file = "colorama-0.4.6.tar.gz", hash = "sha256:08695f5cb7ed6e0531a20572697297273c47b8cae5a63ffc6d6ed5c201be6e44"},
]

[[package]]
name = "curl-cffi"
version = "0.15.0"
requires_python = ">=3.10"
summary = "libcurl ffi bindings for Python, with impersonation support."
groups = ["default"]
dependencies = [
    "certifi>=2024.2.2",
    "cffi>=2.0.0",
    "rich",
]
files = [
    {file = "curl_cffi-0.15.0-cp310-abi3-macosx_10_9_x86_64.whl", hash = "sha256:bda66404010e9ed743b1b83c20c86f24fe21a9a6873e17479d6e67e29d8ded28"},
    {file = "curl_cffi-0.15.0-cp310-abi3-macosx_11_0_arm64.whl", hash = "sha256:a25620d9bf989c9c029a7d1642999c4c265abb0bad811deb2f77b0b5b2b12e5b"},
    {file = "curl_cffi-0.15.0-cp310-abi3-manylinux2014_aarch64.manylinux_2_17_aarch64.whl", hash = "sha256:582e570aa2586b96ed47cf4a17586b9a3c462cbe43f780487c3dc245c6ef1527"},
    {file = "curl_cffi-0.15.0-cp310-abi3-manylinux2014_i686.manylinux_2_17_i686.whl", hash = "sha256:838e48212447d9c81364b04707a5c861daf08f8320f9ecb3406a8919d1d5c3b3"},
    {file = "curl_cffi-0.15.0-cp310-abi3-manylinux2014_x86_64.manylinux_2_17_x86_64.whl", hash = "sha256:2b6c847d86283b07ae69bb72c82eb8a59242277142aa35b89850f89e792a02fc"},
    {file = "curl_cffi-0.15.0-cp310-abi3-manylinux_2_28_armv7l.manylinux_2_31_armv7l.whl", hash = "sha256:9e5e69eee735f659287e2c84444319d68a1fa68dd37abf228943a4074864283a"},
    {file = "curl_cffi-0.15.0-cp310-abi3-manylinux_2_34_riscv64.manylinux_2_39_riscv64.whl", hash = "sha256:aa1323950224db24f4c510d010b3affa02196ca853fb424191fa917a513d3f4b"},
    {file = "curl_cffi-0.15.0-cp310-abi3-musllinux_1_2_aarch64.whl", hash = "sha256:41f80170ba844009273b2660da1964ec31e99e5719d16b3422ada87177e32e13"},
    {file = "curl_cffi-0.15.0-cp310-abi3-musllinux_1_2_x86_64.whl", hash = "sha256:1977e1e12cfb5c11352cbb74acef1bed24eb7d226dab61ca57c168c21acd4d61"},
    {file = "curl_cffi-0.15.0-cp310-abi3-win_amd64.whl", hash = "sha256:5a0c1896a0d5a5ac1eb89cd24b008d2b718dd1df6fd2f75451b59ca66e49e572"},
    {file = "curl_cffi-0.15.0-cp310-abi3-win_arm64.whl", hash = "sha256:a6d57f8389273a3a1f94370473c74897467bcc36af0a17336989780c507fa43d"},
    {file = "curl_cffi-0.15.0.tar.gz", hash = "sha256:ea0c67652bf6893d34ee0f82c944f37e488f6147e9421bef1771cc6545b02ded"},
]

[[package]]
name = "frozenlist"
version = "1.8.0"
requires_python = ">=3.9"
summary = "A list-like structure which implements collections.abc.MutableSequence"
groups = ["default"]
files = [
    {file = "frozenlist-1.8.0-cp312-cp312-macosx_10_13_universal2.whl", hash = "sha256:78f7b9e5d6f2fdb88cdde9440dc147259b62b9d3b019924def9f6478be254ac1"},
    {file = "frozenlist-1.8.0-cp312-cp312-macosx_10_13_x86_64.whl", hash = "sha256:229bf37d2e4acdaf808fd3f06e854a4a7a3661e871b10dc1f8f1896a3b05f18b"},
    {file = "frozenlist-1.8.0-cp312-cp312-macosx_11_0_arm64.whl", hash = "sha256:f833670942247a14eafbb675458b4e61c82e002a148f49e68257b79296e865c4"},
    {file = "frozenlist-1.8.0-cp312-cp312-manylinux1_x86_64.manylinux_2_28_x86_64.manylinux_2_5_x86_64.whl", hash = "sha256:494a5952b1c597ba44e0e78113a7266e656b9794eec897b19ead706bd7074383"},
    {file = "frozenlist-1.8.0-cp312-cp312-manylinux2014_aarch64.manylinux_2_17_aarch64.manylinux_2_28_aarch64.whl", hash = "sha256:96f423a119f4777a4a056b66ce11527366a8bb92f54e541ade21f2374433f6d4"},
    {file = "frozenlist-1.8.0-cp312-cp312-manylinux2014_armv7l.manylinux_2_17_armv7l.manylinux_2_31_armv7l.whl", hash = "sha256:3462dd9475af2025c31cc61be6652dfa25cbfb56cbbf52f4ccfe029f38decaf8"},
    {file = "frozenlist-1.8.0-cp312-cp312-manylinux2014_ppc64le.manylinux_2_17_ppc64le.manylinux_2_28_ppc64le.whl", hash = "sha256:c4c800524c9cd9bac5166cd6f55285957fcfc907db323e193f2afcd4d9abd69b"},
    {file = "frozenlist-1.8.0-cp312-cp312-manylinux2014_s390x.manylinux_2_17_s390x.manylinux_2_28_s390x.whl", hash = "sha256:d6a5df73acd3399d893dafc71663ad22534b5aa4f94e8a2fabfe856c3c1b6a52"},
    {file = "frozenlist-1.8.0-cp312-cp312-musllinux_1_2_aarch64.whl", hash = "sha256:405e8fe955c2280ce66428b3ca55e12b3c4e9c336fb2103a4937e891c69a4a29"},
    {file = "frozenlist-1.8.0-cp312-cp312-musllinux_1_2_armv7l.whl", hash = "sha256:908bd3f6439f2fef9e85031b59fd4f1297af54415fb60e4254a95f75b3cab3f3"},
    {file = "frozenlist-1.8.0-cp312-cp312-musllinux_1_2_ppc64le.whl", hash = "sha256:294e487f9ec720bd8ffcebc99d575f7eff3568a08a253d1ee1a0378754b74143"},
    {file = "frozenlist-1.8.0-cp312-cp312-musllinux_1_2_s390x.whl", hash = "sha256:74c51543498289c0c43656701be6b077f4b265868fa7f8a8859c197006efb608"},
    {file = "frozenlist-1.8.0-cp312-cp312-musllinux_1_2_x86_64.whl", hash = "sha256:776f352e8329135506a1d6bf16ac3f87bc25b28e765949282dcc627af36123aa"},
    {file = "frozenlist-1.8.0-cp312-cp312-win32.whl", hash = "sha256:433403ae80709741ce34038da08511d4a77062aa924baf411ef73d1146e74faf"},
    {file = "frozenlist-1.8.0-cp312-cp312-win_amd64.whl", hash = "sha256:34187385b08f866104f0c0617404c8eb08165ab1272e884abc89c112e9c00746"},
    {file = "frozenlist-1.8.0-cp312-cp312-win_arm64.whl", hash = "sha256:fe3c58d2f5db5fbd18c2987cba06d51b0529f52bc3a6cdc33d3f4eab725104bd"},
    {file = "frozenlist-1.8.0-py3-none-any.whl", hash = "sha256:0c18a16eab41e82c295618a77502e17b195883241c563b00f0aa5106fc4eaa0d"},
    {file = "frozenlist-1.8.0.tar.gz", hash = "sha256:3ede829ed8d842f6cd48fc7081d7a41001a56f1f38603f9d49bf3020d59a31ad"},
]

[[package]]
name = "idna"
version = "3.13"
requires_python = ">=3.8"
summary = "Internationalized Domain Names in Applications (IDNA)"
groups = ["default"]
files = [
    {file = "idna-3.13-py3-none-any.whl", hash = "sha256:892ea0cde124a99ce773decba204c5552b69c3c67ffd5f232eb7696135bc8bb3"},
    {file = "idna-3.13.tar.gz", hash = "sha256:585ea8fe5d69b9181ec1afba340451fba6ba764af97026f92a91d4eef164a242"},
]

[[package]]
name = "jeepney"
version = "0.9.0"
requires_python = ">=3.7"
summary = "Low-level, pure Python DBus protocol wrapper."
groups = ["default"]
marker = "\"bsd\" in sys_platform and python_version >= \"3.7\" or sys_platform == \"linux\" and python_version >= \"3.7\""
files = [
    {file = "jeepney-0.9.0-py3-none-any.whl", hash = "sha256:97e5714520c16fc0a45695e5365a2e11b81ea79bba796e26f9f1d178cb182683"},
    {file = "jeepney-0.9.0.tar.gz", hash = "sha256:cf0e9e845622b81e4a28df94c40345400256ec608d0e55bb8a3feaa9163f5732"},
]

[[package]]
name = "lz4"
version = "4.4.5"
requires_python = ">=3.9"
summary = "LZ4 Bindings for Python"
groups = ["default"]
files = [
    {file = "lz4-4.4.5-cp312-cp312-macosx_10_13_x86_64.whl", hash = "sha256:df5aa4cead2044bab83e0ebae56e0944cc7fcc1505c7787e9e1057d6d549897e"},
    {file = "lz4-4.4.5-cp312-cp312-macosx_11_0_arm64.whl", hash = "sha256:6d0bf51e7745484d2092b3a51ae6eb58c3bd3ce0300cf2b2c14f76c536d5697a"},
    {file = "lz4-4.4.5-cp312-cp312-manylinux1_i686.manylinux_2_28_i686.manylinux_2_5_i686.whl", hash = "sha256:7b62f94b523c251cf32aa4ab555f14d39bd1a9df385b72443fd76d7c7fb051f5"},
    {file = "lz4-4.4.5-cp312-cp312-manylinux2014_aarch64.manylinux_2_17_aarch64.manylinux_2_28_aarch64.whl", hash = "sha256:2c3ea562c3af274264444819ae9b14dbbf1ab070aff214a05e97db6896c7597e"},
    {file = "lz4-4.4.5-cp312-cp312-manylinux2014_x86_64.manylinux_2_17_x86_64.manylinux_2_28_x86_64.whl", hash = "sha256:24092635f47538b392c4eaeff14c7270d2c8e806bf4be2a6446a378591c5e69e"},
    {file = "lz4-4.4.5-cp312-cp312-win32.whl", hash = "sha256:214e37cfe270948ea7eb777229e211c601a3e0875541c1035ab408fbceaddf50"},
    {file = "lz4-4.4.5-cp312-cp312-win_amd64.whl", hash = "sha256:713a777de88a73425cf08eb11f742cd2c98628e79a8673d6a52e3c5f0c116f33"},
    {file = "lz4-4.4.5-cp312-cp312-win_arm64.whl", hash = "sha256:a88cbb729cc333334ccfb52f070463c21560fca63afcf636a9f160a55fac3301"},
    {file = "lz4-4.4.5.tar.gz", hash = "sha256:5f0b9e53c1e82e88c10d7c180069363980136b9d7a8306c4dca4f760d60c39f0"},
]

[[package]]
name = "markdown-it-py"
version = "4.2.0"
requires_python = ">=3.10"
summary = "Python port of markdown-it. Markdown parsing, done right!"
groups = ["default"]
dependencies = [
    "mdurl~=0.1",
]
files = [
    {file = "markdown_it_py-4.2.0-py3-none-any.whl", hash = "sha256:9f7ebbcd14fe59494226453aed97c1070d83f8d24b6fc3a3bcf9a38092641c4a"},
    {file = "markdown_it_py-4.2.0.tar.gz", hash = "sha256:04a21681d6fbb623de53f6f364d352309d4094dd4194040a10fd51833e418d49"},
]

[[package]]
name = "mdurl"
version = "0.1.2"
requires_python = ">=3.7"
summary = "Markdown URL utilities"
groups = ["default"]
files = [
    {file = "mdurl-0.1.2-py3-none-any.whl", hash = "sha256:84008a41e51615a49fc9966191ff91509e3c40b939176e643fd50a5c2196b8f8"},
    {file = "mdurl-0.1.2.tar.gz", hash = "sha256:bb413d29f5eea38f31dd4754dd7377d4465116fb207585f97bf925588687c1ba"},
]

[[package]]
name = "multidict"
version = "6.7.1"
requires_python = ">=3.9"
summary = "multidict implementation"
groups = ["default"]
dependencies = [
    "typing-extensions>=4.1.0; python_version < \"3.11\"",
]
files = [
    {file = "multidict-6.7.1-cp312-cp312-macosx_10_13_universal2.whl", hash = "sha256:a90f75c956e32891a4eda3639ce6dd86e87105271f43d43442a3aedf3cddf172"},
    {file = "multidict-6.7.1-cp312-cp312-macosx_10_13_x86_64.whl", hash = "sha256:3fccb473e87eaa1382689053e4a4618e7ba7b9b9b8d6adf2027ee474597128cd"},
    {file = "multidict-6.7.1-cp312-cp312-macosx_11_0_arm64.whl", hash = "sha256:b0fa96985700739c4c7853a43c0b3e169360d6855780021bfc6d0f1ce7c123e7"},
    {file = "multidict-6.7.1-cp312-cp312-manylinux1_i686.manylinux_2_28_i686.manylinux_2_5_i686.whl", hash = "sha256:cb2a55f408c3043e42b40cc8eecd575afa27b7e0b956dfb190de0f8499a57a53"},
    {file = "multidict-6.7.1-cp312-cp312-manylinux2014_aarch64.manylinux_2_17_aarch64.manylinux_2_28_aarch64.whl", hash = "sha256:eb0ce7b2a32d09892b3dd6cc44877a0d02a33241fafca5f25c8b6b62374f8b75"},
    {file = "multidict-6.7.1-cp312-cp312-manylinux2014_armv7l.manylinux_2_17_armv7l.manylinux_2_31_armv7l.whl", hash = "sha256:c3a32d23520ee37bf327d1e1a656fec76a2edd5c038bf43eddfa0572ec49c60b"},
    {file = "multidict-6.7.1-cp312-cp312-manylinux2014_ppc64le.manylinux_2_17_ppc64le.manylinux_2_28_ppc64le.whl", hash = "sha256:9c90fed18bffc0189ba814749fdcc102b536e83a9f738a9003e569acd540a733"},
    {file = "multidict-6.7.1-cp312-cp312-manylinux2014_s390x.manylinux_2_17_s390x.manylinux_2_28_s390x.whl", hash = "sha256:da62917e6076f512daccfbbde27f46fed1c98fee202f0559adec8ee0de67f71a"},
    {file = "multidict-6.7.1-cp312-cp312-manylinux2014_x86_64.manylinux_2_17_x86_64.manylinux_2_28_x86_64.whl", hash = "sha256:bfde23ef6ed9db7eaee6c37dcec08524cb43903c60b285b172b6c094711b3961"},
    {file = "multidict-6.7.1-cp312-cp312-musllinux_1_2_aarch64.whl", hash = "sha256:3758692429e4e32f1ba0df23219cd0b4fc0a52f476726fff9337d1a57676a582"},
    {file = "multidict-6.7.1-cp312-cp312-musllinux_1_2_armv7l.whl", hash = "sha256:398c1478926eca669f2fd6a5856b6de9c0acf23a2cb59a14c0ba5844fa38077e"},
    {file = "multidict-6.7.1-cp312-cp312-musllinux_1_2_i686.whl", hash = "sha256:c102791b1c4f3ab36ce4101154549105a53dc828f016356b3e3bcae2e3a039d3"},
    {file = "multidict-6.7.1-cp312-cp312-musllinux_1_2_ppc64le.whl", hash = "sha256:a088b62bd733e2ad12c50dad01b7d0166c30287c166e137433d3b410add807a6"},
    {file = "multidict-6.7.1-cp312-cp312-musllinux_1_2_s390x.whl", hash = "sha256:3d51ff4785d58d3f6c91bdbffcb5e1f7ddfda557727043aa20d20ec4f65e324a"},
    {file = "multidict-6.7.1-cp312-cp312-musllinux_1_2_x86_64.whl", hash = "sha256:fc5907494fccf3e7d3f94f95c91d6336b092b5fc83811720fae5e2765890dfba"},
    {file = "multidict-6.7.1-cp312-cp312-win32.whl", hash = "sha256:28ca5ce2fd9716631133d0e9a9b9a745ad7f60bac2bccafb56aa380fc0b6c511"},
    {file = "multidict-6.7.1-cp312-cp312-win_amd64.whl", hash = "sha256:fcee94dfbd638784645b066074b338bc9cc155d4b4bffa4adce1615c5a426c19"},
    {file = "multidict-6.7.1-cp312-cp312-win_arm64.whl", hash = "sha256:ba0a9fb644d0c1a2194cf7ffb043bd852cea63a57f66fbd33959f7dae18517bf"},
    {file = "multidict-6.7.1-py3-none-any.whl", hash = "sha256:55d97cc6dae627efa6a6e548885712d4864b81110ac76fa4e534c03819fa4a56"},
    {file = "multidict-6.7.1.tar.gz", hash = "sha256:ec6652a1bee61c53a3e5776b6049172c53b6aaba34f18c9ad04f82712bac623d"},
]

[[package]]
name = "propcache"
version = "0.5.2"
requires_python = ">=3.10"
summary = "Accelerated property cache"
groups = ["default"]
files = [
    {file = "propcache-0.5.2-cp312-cp312-macosx_10_13_universal2.whl", hash = "sha256:806719138ecd720339a12410fb9614ac9b2b2d3a5fdf8235d56981c36f4039ba"},
    {file = "propcache-0.5.2-cp312-cp312-macosx_10_13_x86_64.whl", hash = "sha256:db2b80ea58eab4f86b2beec3cc8b39e8ff9276ac20e96b7cce43c8ae84cd6b5a"},
    {file = "propcache-0.5.2-cp312-cp312-macosx_11_0_arm64.whl", hash = "sha256:e5cbfac9f61484f7e9f3597775500cd3ebe8274e9b050c38f9525c77c97520bf"},
    {file = "propcache-0.5.2-cp312-cp312-manylinux2014_aarch64.manylinux_2_17_aarch64.manylinux_2_28_aarch64.whl", hash = "sha256:5dbc581d2814337da56222fab8dc5f161cd798a434e49bac27930aaef798e144"},
    {file = "propcache-0.5.2-cp312-cp312-manylinux2014_ppc64le.manylinux_2_17_ppc64le.manylinux_2_28_ppc64le.whl", hash = "sha256:857187f381f88c8e2fa2fe56ab94879d011b883d5a2ee5a1b60a8cd2a06846d9"},
    {file = "propcache-0.5.2-cp312-cp312-manylinux2014_s390x.manylinux_2_17_s390x.manylinux_2_28_s390x.whl", hash = "sha256:178b4a2cdaac1818e2bf1c5a99b94383fa73ea5382e032a48dec07dc5668dc42"},
    {file = "propcache-0.5.2-cp312-cp312-manylinux2014_x86_64.manylinux_2_17_x86_64.manylinux_2_28_x86_64.whl", hash = "sha256:6f328175a2cde1f0ff2c4ed8ce968b9dcfb55f3a7153f39e2957ed994da13476"},
    {file = "propcache-0.5.2-cp312-cp312-manylinux_2_31_riscv64.manylinux_2_39_riscv64.whl", hash = "sha256:5671d09a36b06d0fd4a3da0fccbcae360e9b1570924171a15e9e0997f0249fba"},
    {file = "propcache-0.5.2-cp312-cp312-musllinux_1_2_aarch64.whl", hash = "sha256:80168e2ebe4d3ec6599d10ad8f520304ae1cad9b6c5a95372aef1b66b7bfb53a"},
    {file = "propcache-0.5.2-cp312-cp312-musllinux_1_2_armv7l.whl", hash = "sha256:45f11346f884bc47444f6e6647131055844134c3175b629f84952e2b5cd62b64"},
    {file = "propcache-0.5.2-cp312-cp312-musllinux_1_2_ppc64le.whl", hash = "sha256:8e778ebd44ef4f66ed60a0416b06b489687db264a9c0b3620362f26489492913"},
    {file = "propcache-0.5.2-cp312-cp312-musllinux_1_2_riscv64.whl", hash = "sha256:c0cb9ed24c8964e172768d455a38254c2dd8a552905729ce006cad3d3dda59b1"},
    {file = "propcache-0.5.2-cp312-cp312-musllinux_1_2_s390x.whl", hash = "sha256:1d1ad32d9d4355e2be65574fd0bfd3677e7066b009cd5b9b2dee8aa6a6393b33"},
    {file = "propcache-0.5.2-cp312-cp312-musllinux_1_2_x86_64.whl", hash = "sha256:c80f4ba3e8f00189165999a742ee526ebeccedf6c3f7beb0c7df821e9772435a"},
    {file = "propcache-0.5.2-cp312-cp312-win32.whl", hash = "sha256:8c7972d8f193740d9175f0998ab38717e6cd322d5935c5b0fef8c0d323fd9031"},
    {file = "propcache-0.5.2-cp312-cp312-win_amd64.whl", hash = "sha256:d9ee8826a7d47863a08ac44e1a5f611a462eefc3a194b492da242128bec75b42"},
    {file = "propcache-0.5.2-cp312-cp312-win_arm64.whl", hash = "sha256:2800a4a8ead6b28cccd1ec54b59346f0def7922ee1c7598e8499c733cfbb7c84"},
    {file = "propcache-0.5.2-py3-none-any.whl", hash = "sha256:be1ddfcbb376e3de5d2e2db1d58d6d67463e6b4f9f040c000de8e300295465fe"},
    {file = "propcache-0.5.2.tar.gz", hash = "sha256:01c4fc7480cd0598bb4b57022df55b9ca296da7fc5a8760bd8451a7e63a7d427"},
]

[[package]]
name = "pycparser"
version = "3.0"
requires_python = ">=3.10"
summary = "C parser in Python"
groups = ["default"]
marker = "implementation_name != \"PyPy\""
files = [
    {file = "pycparser-3.0-py3-none-any.whl", hash = "sha256:b727414169a36b7d524c1c3e31839a521725078d7b2ff038656844266160a992"},
    {file = "pycparser-3.0.tar.gz", hash = "sha256:600f49d217304a5902ac3c37e1281c9fe94e4d0489de643a9504c5cdfdfc6b29"},
]

[[package]]
name = "pycryptodomex"
version = "3.23.0"
requires_python = "!=3.0.*,!=3.1.*,!=3.2.*,!=3.3.*,!=3.4.*,!=3.5.*,!=3.6.*,>=2.7"
summary = "Cryptographic library for Python"
groups = ["default"]
files = [
    {file = "pycryptodomex-3.23.0-cp37-abi3-macosx_10_9_universal2.whl", hash = "sha256:06698f957fe1ab229a99ba2defeeae1c09af185baa909a31a5d1f9d42b1aaed6"},
    {file = "pycryptodomex-3.23.0-cp37-abi3-macosx_10_9_x86_64.whl", hash = "sha256:b2c2537863eccef2d41061e82a881dcabb04944c5c06c5aa7110b577cc487545"},
    {file = "pycryptodomex-3.23.0-cp37-abi3-manylinux_2_17_aarch64.manylinux2014_aarch64.whl", hash = "sha256:43c446e2ba8df8889e0e16f02211c25b4934898384c1ec1ec04d7889c0333587"},
    {file = "pycryptodomex-3.23.0-cp37-abi3-manylinux_2_17_x86_64.manylinux2014_x86_64.whl", hash = "sha256:f489c4765093fb60e2edafdf223397bc716491b2b69fe74367b70d6999257a5c"},
    {file = "pycryptodomex-3.23.0-cp37-abi3-manylinux_2_5_i686.manylinux1_i686.manylinux_2_17_i686.manylinux2014_i686.whl", hash = "sha256:bdc69d0d3d989a1029df0eed67cc5e8e5d968f3724f4519bd03e0ec68df7543c"},
    {file = "pycryptodomex-3.23.0-cp37-abi3-musllinux_1_2_aarch64.whl", hash = "sha256:6bbcb1dd0f646484939e142462d9e532482bc74475cecf9c4903d4e1cd21f003"},
    {file = "pycryptodomex-3.23.0-cp37-abi3-musllinux_1_2_i686.whl", hash = "sha256:8a4fcd42ccb04c31268d1efeecfccfd1249612b4de6374205376b8f280321744"},
    {file = "pycryptodomex-3.23.0-cp37-abi3-musllinux_1_2_x86_64.whl", hash = "sha256:55ccbe27f049743a4caf4f4221b166560d3438d0b1e5ab929e07ae1702a4d6fd"},
    {file = "pycryptodomex-3.23.0-cp37-abi3-win32.whl", hash = "sha256:189afbc87f0b9f158386bf051f720e20fa6145975f1e76369303d0f31d1a8d7c"},
    {file = "pycryptodomex-3.23.0-cp37-abi3-win_amd64.whl", hash = "sha256:52e5ca58c3a0b0bd5e100a9fbc8015059b05cffc6c66ce9d98b4b45e023443b9"},
    {file = "pycryptodomex-3.23.0-cp37-abi3-win_arm64.whl", hash = "sha256:02d87b80778c171445d67e23d1caef279bf4b25c3597050ccd2e13970b57fd51"},
    {file = "pycryptodomex-3.23.0.tar.gz", hash = "sha256:71909758f010c82bc99b0abf4ea12012c98962fbf0583c2164f8b84533c2e4da"},
]

[[package]]
name = "pygments"
version = "2.20.0"
requires_python = ">=3.9"
summary = "Pygments is a syntax highlighting package written in Python."
groups = ["default"]
files = [
    {file = "pygments-2.20.0-py3-none-any.whl", hash = "sha256:81a9e26dd42fd28a23a2d169d86d7ac03b46e2f8b59ed4698fb4785f946d0176"},
    {file = "pygments-2.20.0.tar.gz", hash = "sha256:6757cd03768053ff99f3039c1a36d6c0aa0b263438fcab17520b30a303a82b5f"},
]

[[package]]
name = "pywin32"
version = "311"
summary = "Python for Window Extensions"
groups = ["default"]
marker = "python_version >= \"3.7\" and platform_system == \"Windows\""
files = [
    {file = "pywin32-311-cp312-cp312-win32.whl", hash = "sha256:750ec6e621af2b948540032557b10a2d43b0cee2ae9758c54154d711cc852d31"},
    {file = "pywin32-311-cp312-cp312-win_amd64.whl", hash = "sha256:b8c095edad5c211ff31c05223658e71bf7116daa0ecf3ad85f3201ea3190d067"},
    {file = "pywin32-311-cp312-cp312-win_arm64.whl", hash = "sha256:e286f46a9a39c4a18b319c28f59b61de793654af2f395c102b4f819e584b5852"},
]

[[package]]
name = "pyyaml"
version = "6.0.3"
requires_python = ">=3.8"
summary = "YAML parser and emitter for Python"
groups = ["default"]
files = [
    {file = "pyyaml-6.0.3-cp312-cp312-macosx_10_13_x86_64.whl", hash = "sha256:7f047e29dcae44602496db43be01ad42fc6f1cc0d8cd6c83d342306c32270196"},
    {file = "pyyaml-6.0.3-cp312-cp312-macosx_11_0_arm64.whl", hash = "sha256:fc09d0aa354569bc501d4e787133afc08552722d3ab34836a80547331bb5d4a0"},
    {file = "pyyaml-6.0.3-cp312-cp312-manylinux2014_aarch64.manylinux_2_17_aarch64.manylinux_2_28_aarch64.whl", hash = "sha256:9149cad251584d5fb4981be1ecde53a1ca46c891a79788c0df828d2f166bda28"},
    {file = "pyyaml-6.0.3-cp312-cp312-manylinux2014_s390x.manylinux_2_17_s390x.manylinux_2_28_s390x.whl", hash = "sha256:5fdec68f91a0c6739b380c83b951e2c72ac0197ace422360e6d5a959d8d97b2c"},
    {file = "pyyaml-6.0.3-cp312-cp312-manylinux2014_x86_64.manylinux_2_17_x86_64.manylinux_2_28_x86_64.whl", hash = "sha256:ba1cc08a7ccde2d2ec775841541641e4548226580ab850948cbfda66a1befcdc"},
    {file = "pyyaml-6.0.3-cp312-cp312-musllinux_1_2_aarch64.whl", hash = "sha256:8dc52c23056b9ddd46818a57b78404882310fb473d63f17b07d5c40421e47f8e"},
    {file = "pyyaml-6.0.3-cp312-cp312-musllinux_1_2_x86_64.whl", hash = "sha256:41715c910c881bc081f1e8872880d3c650acf13dfa8214bad49ed4cede7c34ea"},
    {file = "pyyaml-6.0.3-cp312-cp312-win32.whl", hash = "sha256:96b533f0e99f6579b3d4d4995707cf36df9100d67e0c8303a0c55b27b5f99bc5"},
    {file = "pyyaml-6.0.3-cp312-cp312-win_amd64.whl", hash = "sha256:5fcd34e47f6e0b794d17de1b4ff496c00986e1c83f7ab2fb8fcfe9616ff7477b"},
    {file = "pyyaml-6.0.3-cp312-cp312-win_arm64.whl", hash = "sha256:64386e5e707d03a7e172c0701abfb7e10f0fb753ee1d773128192742712a98fd"},
    {file = "pyyaml-6.0.3.tar.gz", hash = "sha256:d76623373421df22fb4cf8817020cbb7ef15c725b9d5e45f17e189bfc384190f"},
]

[[package]]
name = "rich"
version = "15.0.0"
requires_python = ">=3.9.0"
summary = "Render rich text, tables, progress bars, syntax highlighting, markdown and more to the terminal"
groups = ["default"]
dependencies = [
    "markdown-it-py>=2.2.0",
    "pygments<3.0.0,>=2.13.0",
]
files = [
    {file = "rich-15.0.0-py3-none-any.whl", hash = "sha256:33bd4ef74232fb73fe9279a257718407f169c09b78a87ad3d296f548e27de0bb"},
    {file = "rich-15.0.0.tar.gz", hash = "sha256:edd07a4824c6b40189fb7ac9bc4c52536e9780fbbfbddf6f1e2502c31b068c36"},
]

[[package]]
name = "shadowcopy"
version = "0.0.4"
requires_python = ">=3.7"
summary = "A project for shadowcopy"
groups = ["default"]
marker = "python_version >= \"3.7\" and platform_system == \"Windows\""
dependencies = [
    "wmi",
]
files = [
    {file = "shadowcopy-0.0.4-py3-none-any.whl", hash = "sha256:fc51e59a639dc6a5a3a7a9b4e3ecadc71989e339f2d995d90aaa491acd4ba4eb"},
    {file = "shadowcopy-0.0.4.tar.gz", hash = "sha256:ed89817dda065f893607a04c0b7d6b3b34c3507a4711f441111a4bcb1b1826c0"},
]

[[package]]
name = "soupsieve"
version = "2.8.3"
requires_python = ">=3.9"
summary = "A modern CSS selector implementation for Beautiful Soup."
groups = ["default"]
files = [
    {file = "soupsieve-2.8.3-py3-none-any.whl", hash = "sha256:ed64f2ba4eebeab06cc4962affce381647455978ffc1e36bb79a545b91f45a95"},
    {file = "soupsieve-2.8.3.tar.gz", hash = "sha256:3267f1eeea4251fb42728b6dfb746edc9acaffc4a45b27e19450b676586e8349"},
]

[[package]]
name = "twitter-cli"
version = "0.8.5"
requires_python = ">=3.10"
summary = "A CLI for Twitter/X — feed, bookmarks, and user timeline in terminal"
groups = ["default"]
dependencies = [
    "beautifulsoup4>=4.12",
    "browser-cookie3>=0.19",
    "click>=8.0",
    "curl-cffi>=0.7",
    "pyyaml>=6.0",
    "rich>=13.0",
    "xclienttransaction>=1.0.1",
]
files = [
    {file = "twitter_cli-0.8.5-py3-none-any.whl", hash = "sha256:b2e77204eae7159e10e199e3bf5296a691469457929cdf90a070cc5172f39317"},
    {file = "twitter_cli-0.8.5.tar.gz", hash = "sha256:80a1f0343f9b6326d86b8c147a8edab106bc476661e9ded807368e6c4cd5d968"},
]

[[package]]
name = "typing-extensions"
version = "4.15.0"
requires_python = ">=3.9"
summary = "Backported and Experimental Type Hints for Python 3.9+"
groups = ["default"]
files = [
    {file = "typing_extensions-4.15.0-py3-none-any.whl", hash = "sha256:f0fa19c6845758ab08074a0cfa8b7aecb71c999ca73d62883bc25cc018c4e548"},
    {file = "typing_extensions-4.15.0.tar.gz", hash = "sha256:0cea48d173cc12fa28ecabc3b837ea3cf6f38c6d1136f85cbaaf598984861466"},
]

[[package]]
name = "wmi"
version = "1.5.1"
summary = "Windows Management Instrumentation"
groups = ["default"]
marker = "python_version >= \"3.7\" and platform_system == \"Windows\""
dependencies = [
    "pywin32",
]
files = [
    {file = "WMI-1.5.1-py2.py3-none-any.whl", hash = "sha256:1d6b085e5c445141c475476000b661f60fff1aaa19f76bf82b7abb92e0ff4942"},
    {file = "WMI-1.5.1.tar.gz", hash = "sha256:b6a6be5711b1b6c8d55bda7a8befd75c48c12b770b9d227d31c1737dbf0d40a6"},
]

[[package]]
name = "xclienttransaction"
version = "1.0.2"
requires_python = ">=3"
summary = "Twitter X-Client-Transaction-Id generator written in python."
groups = ["default"]
dependencies = [
    "beautifulsoup4",
]
files = [
    {file = "xclienttransaction-1.0.2-py3-none-any.whl", hash = "sha256:66251554f02472cd0fb3a33bc6468cfeb740949754ddc07dbe4164e439ac8613"},
    {file = "xclienttransaction-1.0.2.tar.gz", hash = "sha256:a9a7f9f1e7215e7317398b1659cf1c76a631fd87d20a254511f8008dceb4bb8f"},
]

[[package]]
name = "yarl"
version = "1.23.0"
requires_python = ">=3.10"
summary = "Yet another URL library"
groups = ["default"]
dependencies = [
    "idna>=2.0",
    "multidict>=4.0",
    "propcache>=0.2.1",
]
files = [
    {file = "yarl-1.23.0-cp312-cp312-macosx_10_13_universal2.whl", hash = "sha256:1932b6b8bba8d0160a9d1078aae5838a66039e8832d41d2992daa9a3a08f7860"},
    {file = "yarl-1.23.0-cp312-cp312-macosx_10_13_x86_64.whl", hash = "sha256:411225bae281f114067578891bc75534cfb3d92a3b4dfef7a6ca78ba354e6069"},
    {file = "yarl-1.23.0-cp312-cp312-macosx_11_0_arm64.whl", hash = "sha256:13a563739ae600a631c36ce096615fe307f131344588b0bc0daec108cdb47b25"},
    {file = "yarl-1.23.0-cp312-cp312-manylinux2014_aarch64.manylinux_2_17_aarch64.manylinux_2_28_aarch64.whl", hash = "sha256:9cbf44c5cb4a7633d078788e1b56387e3d3cf2b8139a3be38040b22d6c3221c8"},
    {file = "yarl-1.23.0-cp312-cp312-manylinux2014_armv7l.manylinux_2_17_armv7l.manylinux_2_31_armv7l.whl", hash = "sha256:53ad387048f6f09a8969631e4de3f1bf70c50e93545d64af4f751b2498755072"},
    {file = "yarl-1.23.0-cp312-cp312-manylinux2014_ppc64le.manylinux_2_17_ppc64le.manylinux_2_28_ppc64le.whl", hash = "sha256:4a59ba56f340334766f3a4442e0efd0af895fae9e2b204741ef885c446b3a1a8"},
    {file = "yarl-1.23.0-cp312-cp312-manylinux2014_s390x.manylinux_2_17_s390x.manylinux_2_28_s390x.whl", hash = "sha256:803a3c3ce4acc62eaf01eaca1208dcf0783025ef27572c3336502b9c232005e7"},
    {file = "yarl-1.23.0-cp312-cp312-manylinux2014_x86_64.manylinux_2_17_x86_64.manylinux_2_28_x86_64.whl", hash = "sha256:a3d2bff8f37f8d0f96c7ec554d16945050d54462d6e95414babaa18bfafc7f51"},
    {file = "yarl-1.23.0-cp312-cp312-manylinux_2_31_riscv64.manylinux_2_39_riscv64.whl", hash = "sha256:c75eb09e8d55bceb4367e83496ff8ef2bc7ea6960efb38e978e8073ea59ecb67"},
    {file = "yarl-1.23.0-cp312-cp312-musllinux_1_2_aarch64.whl", hash = "sha256:877b0738624280e34c55680d6054a307aa94f7d52fa0e3034a9cc6e790871da7"},
    {file = "yarl-1.23.0-cp312-cp312-musllinux_1_2_armv7l.whl", hash = "sha256:b5405bb8f0e783a988172993cfc627e4d9d00432d6bbac65a923041edacf997d"},
    {file = "yarl-1.23.0-cp312-cp312-musllinux_1_2_ppc64le.whl", hash = "sha256:1c3a3598a832590c5a3ce56ab5576361b5688c12cb1d39429cf5dba30b510760"},
    {file = "yarl-1.23.0-cp312-cp312-musllinux_1_2_riscv64.whl", hash = "sha256:8419ebd326430d1cbb7efb5292330a2cf39114e82df5cc3d83c9a0d5ebeaf2f2"},
    {file = "yarl-1.23.0-cp312-cp312-musllinux_1_2_s390x.whl", hash = "sha256:be61f6fff406ca40e3b1d84716fde398fc08bc63dd96d15f3a14230a0973ed86"},
    {file = "yarl-1.23.0-cp312-cp312-musllinux_1_2_x86_64.whl", hash = "sha256:3ceb13c5c858d01321b5d9bb65e4cf37a92169ea470b70fec6f236b2c9dd7e34"},
    {file = "yarl-1.23.0-cp312-cp312-win32.whl", hash = "sha256:fffc45637bcd6538de8b85f51e3df3223e4ad89bccbfca0481c08c7fc8b7ed7d"},
    {file = "yarl-1.23.0-cp312-cp312-win_amd64.whl", hash = "sha256:f69f57305656a4852f2a7203efc661d8c042e6cc67f7acd97d8667fb448a426e"},
    {file = "yarl-1.23.0-cp312-cp312-win_arm64.whl", hash = "sha256:6e87a6e8735b44816e7db0b2fbc9686932df473c826b0d9743148432e10bb9b9"},
    {file = "yarl-1.23.0-py3-none-any.whl", hash = "sha256:a2df6afe50dea8ae15fa34c9f824a3ee958d785fd5d089063d960bae1daa0a3f"},
    {file = "yarl-1.23.0.tar.gz", hash = "sha256:53b1ea6ca88ebd4420379c330aea57e258408dd0df9af0992e5de2078dc9f5d5"},
]
